
Microsoft Visual Studio Solution File, Format Version 12.00
# Visual Studio Express 2012 for Windows Desktop
Project("{FAE04EC0-301F-11D3-BF4B-00C04F79EFBC}") = "PatronFactory", "PatronFactory\PatronFactory.csproj", "{1BDE96B9-75BF-47EB-98F1-C100B4B6854E}"
EndProject
Global
	GlobalSection(SolutionConfigurationPlatforms) = preSolution
		Debug|Any CPU = Debug|Any CPU
		Release|Any CPU = Release|Any CPU
	EndGlobalSection
	GlobalSection(ProjectConfigurationPlatforms) = postSolution
		{1BDE96B9-75BF-47EB-98F1-C100B4B6854E}.Debug|Any CPU.ActiveCfg = Debug|Any CPU
		{1BDE96B9-75BF-47EB-98F1-C100B4B6854E}.Debug|Any CPU.Build.0 = Debug|Any CPU
		{1BDE96B9-75BF-47EB-98F1-C100B4B6854E}.Release|Any CPU.ActiveCfg = Release|Any CPU
		{1BDE96B9-75BF-47EB-98F1-C100B4B6854E}.Release|Any CPU.Build.0 = Release|Any CPU
	EndGlobalSection
	GlobalSection(SolutionProperties) = preSolution
		HideSolutionNode = FALSE
	EndGlobalSection
EndGlobal
